// !$*UTF8*$!
{
	archiveVersion = 1;
	classes = {
	};
	objectVersion = 46;
	objects = {

/* Begin PBXBuildFile section */
		AC43ED381B9092A1005D1669 /* AppDelegate.swift in Sources */ = {isa = PBXBuildFile; fileRef = AC43ED371B9092A1005D1669 /* AppDelegate.swift */; };
		AC43ED3A1B9092A1005D1669 /* ViewController.swift in Sources */ = {isa = PBXBuildFile; fileRef = AC43ED391B9092A1005D1669 /* ViewController.swift */; };
		AC43ED3D1B9092A1005D1669 /* Main.storyboard in Resources */ = {isa = PBXBuildFile; fileRef = AC43ED3B1B9092A1005D1669 /* Main.storyboard */; };
		AC43ED3F1B9092A1005D1669 /* Images.xcassets in Resources */ = {isa = PBXBuildFile; fileRef = AC43ED3E1B9092A1005D1669 /* Images.xcassets */; };
		AC43ED421B9092A1005D1669 /* LaunchScreen.xib in Resources */ = {isa = PBXBuildFile; fileRef = AC43ED401B9092A1005D1669 /* LaunchScreen.xib */; };
		AC43ED4E1B9092A1005D1669 /* MyStageTests.swift in Sources */ = {isa = PBXBuildFile; fileRef = AC43ED4D1B9092A1005D1669 /* MyStageTests.swift */; };
		ACE36CF21B9094AC007A4D19 /* User.swift in Sources */ = {isa = PBXBuildFile; fileRef = ACE36CF11B9094AC007A4D19 /* User.swift */; };
		ACE36CF41B9095CB007A4D19 /* Video.swift in Sources */ = {isa = PBXBuildFile; fileRef = ACE36CF31B9095CB007A4D19 /* Video.swift */; };
		ACE36CF61B90967F007A4D19 /* Like.swift in Sources */ = {isa = PBXBuildFile; fileRef = ACE36CF51B90967F007A4D19 /* Like.swift */; };
		ACE36CF81B9096CE007A4D19 /* Comment.swift in Sources */ = {isa = PBXBuildFile; fileRef = ACE36CF71B9096CE007A4D19 /* Comment.swift */; };
		ACE36D5B1B9098DE007A4D19 /* AFHTTPRequestOperation.m in Sources */ = {isa = PBXBuildFile; fileRef = ACE36D371B9098DE007A4D19 /* AFHTTPRequestOperation.m */; };
		ACE36D5C1B9098DE007A4D19 /* AFHTTPRequestOperationManager.m in Sources */ = {isa = PBXBuildFile; fileRef = ACE36D391B9098DE007A4D19 /* AFHTTPRequestOperationManager.m */; };
		ACE36D5D1B9098DE007A4D19 /* AFHTTPSessionManager.m in Sources */ = {isa = PBXBuildFile; fileRef = ACE36D3B1B9098DE007A4D19 /* AFHTTPSessionManager.m */; };
		ACE36D5E1B9098DE007A4D19 /* AFNetworkReachabilityManager.m in Sources */ = {isa = PBXBuildFile; fileRef = ACE36D3E1B9098DE007A4D19 /* AFNetworkReachabilityManager.m */; };
		ACE36D5F1B9098DE007A4D19 /* AFSecurityPolicy.m in Sources */ = {isa = PBXBuildFile; fileRef = ACE36D401B9098DE007A4D19 /* AFSecurityPolicy.m */; };
		ACE36D601B9098DE007A4D19 /* AFURLConnectionOperation.m in Sources */ = {isa = PBXBuildFile; fileRef = ACE36D421B9098DE007A4D19 /* AFURLConnectionOperation.m */; };
		ACE36D611B9098DE007A4D19 /* AFURLRequestSerialization.m in Sources */ = {isa = PBXBuildFile; fileRef = ACE36D441B9098DE007A4D19 /* AFURLRequestSerialization.m */; };
		ACE36D621B9098DE007A4D19 /* AFURLResponseSerialization.m in Sources */ = {isa = PBXBuildFile; fileRef = ACE36D461B9098DE007A4D19 /* AFURLResponseSerialization.m */; };
		ACE36D631B9098DE007A4D19 /* AFURLSessionManager.m in Sources */ = {isa = PBXBuildFile; fileRef = ACE36D481B9098DE007A4D19 /* AFURLSessionManager.m */; };
		ACE36D641B9098DE007A4D19 /* AFNetworkActivityIndicatorManager.m in Sources */ = {isa = PBXBuildFile; fileRef = ACE36D4B1B9098DE007A4D19 /* AFNetworkActivityIndicatorManager.m */; };
		ACE36D651B9098DE007A4D19 /* UIActivityIndicatorView+AFNetworking.m in Sources */ = {isa = PBXBuildFile; fileRef = ACE36D4D1B9098DE007A4D19 /* UIActivityIndicatorView+AFNetworking.m */; };
		ACE36D661B9098DE007A4D19 /* UIAlertView+AFNetworking.m in Sources */ = {isa = PBXBuildFile; fileRef = ACE36D4F1B9098DE007A4D19 /* UIAlertView+AFNetworking.m */; };
		ACE36D671B9098DE007A4D19 /* UIButton+AFNetworking.m in Sources */ = {isa = PBXBuildFile; fileRef = ACE36D511B9098DE007A4D19 /* UIButton+AFNetworking.m */; };
		ACE36D681B9098DE007A4D19 /* UIImageView+AFNetworking.m in Sources */ = {isa = PBXBuildFile; fileRef = ACE36D531B9098DE007A4D19 /* UIImageView+AFNetworking.m */; };
		ACE36D691B9098DE007A4D19 /* UIProgressView+AFNetworking.m in Sources */ = {isa = PBXBuildFile; fileRef = ACE36D561B9098DE007A4D19 /* UIProgressView+AFNetworking.m */; };
		ACE36D6A1B9098DE007A4D19 /* UIRefreshControl+AFNetworking.m in Sources */ = {isa = PBXBuildFile; fileRef = ACE36D581B9098DE007A4D19 /* UIRefreshControl+AFNetworking.m */; };
		ACE36D6B1B9098DE007A4D19 /* UIWebView+AFNetworking.m in Sources */ = {isa = PBXBuildFile; fileRef = ACE36D5A1B9098DE007A4D19 /* UIWebView+AFNetworking.m */; };
		ACE36D6D1B9099E1007A4D19 /* Server.swift in Sources */ = {isa = PBXBuildFile; fileRef = ACE36D6C1B9099E1007A4D19 /* Server.swift */; };
		ACE36D6F1B909B74007A4D19 /* FrontController.swift in Sources */ = {isa = PBXBuildFile; fileRef = ACE36D6E1B909B74007A4D19 /* FrontController.swift */; };
		ACE36D711B909B91007A4D19 /* UserDAO.swift in Sources */ = {isa = PBXBuildFile; fileRef = ACE36D701B909B91007A4D19 /* UserDAO.swift */; };
		ACE36D731B909B9A007A4D19 /* VideoDAO.swift in Sources */ = {isa = PBXBuildFile; fileRef = ACE36D721B909B9A007A4D19 /* VideoDAO.swift */; };
/* End PBXBuildFile section */

/* Begin PBXContainerItemProxy section */
		AC43ED481B9092A1005D1669 /* PBXContainerItemProxy */ = {
			isa = PBXContainerItemProxy;
			containerPortal = AC43ED2A1B9092A1005D1669 /* Project object */;
			proxyType = 1;
			remoteGlobalIDString = AC43ED311B9092A1005D1669;
			remoteInfo = MyStage;
		};
/* End PBXContainerItemProxy section */

/* Begin PBXFileReference section */
		AC43ED321B9092A1005D1669 /* MyStage.app */ = {isa = PBXFileReference; explicitFileType = wrapper.application; includeInIndex = 0; path = MyStage.app; sourceTree = BUILT_PRODUCTS_DIR; };
		AC43ED361B9092A1005D1669 /* Info.plist */ = {isa = PBXFileReference; lastKnownFileType = text.plist.xml; path = Info.plist; sourceTree = "<group>"; };
		AC43ED371B9092A1005D1669 /* AppDelegate.swift */ = {isa = PBXFileReference; lastKnownFileType = sourcecode.swift; path = AppDelegate.swift; sourceTree = "<group>"; };
		AC43ED391B9092A1005D1669 /* ViewController.swift */ = {isa = PBXFileReference; lastKnownFileType = sourcecode.swift; path = ViewController.swift; sourceTree = "<group>"; };
		AC43ED3C1B9092A1005D1669 /* Base */ = {isa = PBXFileReference; lastKnownFileType = file.storyboard; name = Base; path = Base.lproj/Main.storyboard; sourceTree = "<group>"; };
		AC43ED3E1B9092A1005D1669 /* Images.xcassets */ = {isa = PBXFileReference; lastKnownFileType = folder.assetcatalog; path = Images.xcassets; sourceTree = "<group>"; };
		AC43ED411B9092A1005D1669 /* Base */ = {isa = PBXFileReference; lastKnownFileType = file.xib; name = Base; path = Base.lproj/LaunchScreen.xib; sourceTree = "<group>"; };
		AC43ED471B9092A1005D1669 /* MyStageTests.xctest */ = {isa = PBXFileReference; explicitFileType = wrapper.cfbundle; includeInIndex = 0; path = MyStageTests.xctest; sourceTree = BUILT_PRODUCTS_DIR; };
		AC43ED4C1B9092A1005D1669 /* Info.plist */ = {isa = PBXFileReference; lastKnownFileType = text.plist.xml; path = Info.plist; sourceTree = "<group>"; };
		AC43ED4D1B9092A1005D1669 /* MyStageTests.swift */ = {isa = PBXFileReference; lastKnownFileType = sourcecode.swift; path = MyStageTests.swift; sourceTree = "<group>"; };
		ACE36CF11B9094AC007A4D19 /* User.swift */ = {isa = PBXFileReference; fileEncoding = 4; lastKnownFileType = sourcecode.swift; path = User.swift; sourceTree = "<group>"; };
		ACE36CF31B9095CB007A4D19 /* Video.swift */ = {isa = PBXFileReference; fileEncoding = 4; lastKnownFileType = sourcecode.swift; path = Video.swift; sourceTree = "<group>"; };
		ACE36CF51B90967F007A4D19 /* Like.swift */ = {isa = PBXFileReference; fileEncoding = 4; lastKnownFileType = sourcecode.swift; path = Like.swift; sourceTree = "<group>"; };
		ACE36CF71B9096CE007A4D19 /* Comment.swift */ = {isa = PBXFileReference; fileEncoding = 4; lastKnownFileType = sourcecode.swift; path = Comment.swift; sourceTree = "<group>"; };
		ACE36D331B909809007A4D19 /* HeaderObjC.h */ = {isa = PBXFileReference; fileEncoding = 4; lastKnownFileType = sourcecode.c.h; path = HeaderObjC.h; sourceTree = "<group>"; };
		ACE36D361B9098DE007A4D19 /* AFHTTPRequestOperation.h */ = {isa = PBXFileReference; fileEncoding = 4; lastKnownFileType = sourcecode.c.h; path = AFHTTPRequestOperation.h; sourceTree = "<group>"; };
		ACE36D371B9098DE007A4D19 /* AFHTTPRequestOperation.m */ = {isa = PBXFileReference; fileEncoding = 4; lastKnownFileType = sourcecode.c.objc; path = AFHTTPRequestOperation.m; sourceTree = "<group>"; };
		ACE36D381B9098DE007A4D19 /* AFHTTPRequestOperationManager.h */ = {isa = PBXFileReference; fileEncoding = 4; lastKnownFileType = sourcecode.c.h; path = AFHTTPRequestOperationManager.h; sourceTree = "<group>"; };
		ACE36D391B9098DE007A4D19 /* AFHTTPRequestOperationManager.m */ = {isa = PBXFileReference; fileEncoding = 4; lastKnownFileType = sourcecode.c.objc; path = AFHTTPRequestOperationManager.m; sourceTree = "<group>"; };
		ACE36D3A1B9098DE007A4D19 /* AFHTTPSessionManager.h */ = {isa = PBXFileReference; fileEncoding = 4; lastKnownFileType = sourcecode.c.h; path = AFHTTPSessionManager.h; sourceTree = "<group>"; };
		ACE36D3B1B9098DE007A4D19 /* AFHTTPSessionManager.m */ = {isa = PBXFileReference; fileEncoding = 4; lastKnownFileType = sourcecode.c.objc; path = AFHTTPSessionManager.m; sourceTree = "<group>"; };
		ACE36D3C1B9098DE007A4D19 /* AFNetworking.h */ = {isa = PBXFileReference; fileEncoding = 4; lastKnownFileType = sourcecode.c.h; path = AFNetworking.h; sourceTree = "<group>"; };
		ACE36D3D1B9098DE007A4D19 /* AFNetworkReachabilityManager.h */ = {isa = PBXFileReference; fileEncoding = 4; lastKnownFileType = sourcecode.c.h; path = AFNetworkReachabilityManager.h; sourceTree = "<group>"; };
		ACE36D3E1B9098DE007A4D19 /* AFNetworkReachabilityManager.m */ = {isa = PBXFileReference; fileEncoding = 4; lastKnownFileType = sourcecode.c.objc; path = AFNetworkReachabilityManager.m; sourceTree = "<group>"; };
		ACE36D3F1B9098DE007A4D19 /* AFSecurityPolicy.h */ = {isa = PBXFileReference; fileEncoding = 4; lastKnownFileType = sourcecode.c.h; path = AFSecurityPolicy.h; sourceTree = "<group>"; };
		ACE36D401B9098DE007A4D19 /* AFSecurityPolicy.m */ = {isa = PBXFileReference; fileEncoding = 4; lastKnownFileType = sourcecode.c.objc; path = AFSecurityPolicy.m; sourceTree = "<group>"; };
		ACE36D411B9098DE007A4D19 /* AFURLConnectionOperation.h */ = {isa = PBXFileReference; fileEncoding = 4; lastKnownFileType = sourcecode.c.h; path = AFURLConnectionOperation.h; sourceTree = "<group>"; };
		ACE36D421B9098DE007A4D19 /* AFURLConnectionOperation.m */ = {isa = PBXFileReference; fileEncoding = 4; lastKnownFileType = sourcecode.c.objc; path = AFURLConnectionOperation.m; sourceTree = "<group>"; };
		ACE36D431B9098DE007A4D19 /* AFURLRequestSerialization.h */ = {isa = PBXFileReference; fileEncoding = 4; lastKnownFileType = sourcecode.c.h; path = AFURLRequestSerialization.h; sourceTree = "<group>"; };
		ACE36D441B9098DE007A4D19 /* AFURLRequestSerialization.m */ = {isa = PBXFileReference; fileEncoding = 4; lastKnownFileType = sourcecode.c.objc; path = AFURLRequestSerialization.m; sourceTree = "<group>"; };
		ACE36D451B9098DE007A4D19 /* AFURLResponseSerialization.h */ = {isa = PBXFileReference; fileEncoding = 4; lastKnownFileType = sourcecode.c.h; path = AFURLResponseSerialization.h; sourceTree = "<group>"; };
		ACE36D461B9098DE007A4D19 /* AFURLResponseSerialization.m */ = {isa = PBXFileReference; fileEncoding = 4; lastKnownFileType = sourcecode.c.objc; path = AFURLResponseSerialization.m; sourceTree = "<group>"; };
		ACE36D471B9098DE007A4D19 /* AFURLSessionManager.h */ = {isa = PBXFileReference; fileEncoding = 4; lastKnownFileType = sourcecode.c.h; path = AFURLSessionManager.h; sourceTree = "<group>"; };
		ACE36D481B9098DE007A4D19 /* AFURLSessionManager.m */ = {isa = PBXFileReference; fileEncoding = 4; lastKnownFileType = sourcecode.c.objc; path = AFURLSessionManager.m; sourceTree = "<group>"; };
		ACE36D4A1B9098DE007A4D19 /* AFNetworkActivityIndicatorManager.h */ = {isa = PBXFileReference; fileEncoding = 4; lastKnownFileType = sourcecode.c.h; path = AFNetworkActivityIndicatorManager.h; sourceTree = "<group>"; };
		ACE36D4B1B9098DE007A4D19 /* AFNetworkActivityIndicatorManager.m */ = {isa = PBXFileReference; fileEncoding = 4; lastKnownFileType = sourcecode.c.objc; path = AFNetworkActivityIndicatorManager.m; sourceTree = "<group>"; };
		ACE36D4C1B9098DE007A4D19 /* UIActivityIndicatorView+AFNetworking.h */ = {isa = PBXFileReference; fileEncoding = 4; lastKnownFileType = sourcecode.c.h; path = "UIActivityIndicatorView+AFNetworking.h"; sourceTree = "<group>"; };
		ACE36D4D1B9098DE007A4D19 /* UIActivityIndicatorView+AFNetworking.m */ = {isa = PBXFileReference; fileEncoding = 4; lastKnownFileType = sourcecode.c.objc; path = "UIActivityIndicatorView+AFNetworking.m"; sourceTree = "<group>"; };
		ACE36D4E1B9098DE007A4D19 /* UIAlertView+AFNetworking.h */ = {isa = PBXFileReference; fileEncoding = 4; lastKnownFileType = sourcecode.c.h; path = "UIAlertView+AFNetworking.h"; sourceTree = "<group>"; };
		ACE36D4F1B9098DE007A4D19 /* UIAlertView+AFNetworking.m */ = {isa = PBXFileReference; fileEncoding = 4; lastKnownFileType = sourcecode.c.objc; path = "UIAlertView+AFNetworking.m"; sourceTree = "<group>"; };
		ACE36D501B9098DE007A4D19 /* UIButton+AFNetworking.h */ = {isa = PBXFileReference; fileEncoding = 4; lastKnownFileType = sourcecode.c.h; path = "UIButton+AFNetworking.h"; sourceTree = "<group>"; };
		ACE36D511B9098DE007A4D19 /* UIButton+AFNetworking.m */ = {isa = PBXFileReference; fileEncoding = 4; lastKnownFileType = sourcecode.c.objc; path = "UIButton+AFNetworking.m"; sourceTree = "<group>"; };
		ACE36D521B9098DE007A4D19 /* UIImageView+AFNetworking.h */ = {isa = PBXFileReference; fileEncoding = 4; lastKnownFileType = sourcecode.c.h; path = "UIImageView+AFNetworking.h"; sourceTree = "<group>"; };
		ACE36D531B9098DE007A4D19 /* UIImageView+AFNetworking.m */ = {isa = PBXFileReference; fileEncoding = 4; lastKnownFileType = sourcecode.c.objc; path = "UIImageView+AFNetworking.m"; sourceTree = "<group>"; };
		ACE36D541B9098DE007A4D19 /* UIKit+AFNetworking.h */ = {isa = PBXFileReference; fileEncoding = 4; lastKnownFileType = sourcecode.c.h; path = "UIKit+AFNetworking.h"; sourceTree = "<group>"; };
		ACE36D551B9098DE007A4D19 /* UIProgressView+AFNetworking.h */ = {isa = PBXFileReference; fileEncoding = 4; lastKnownFileType = sourcecode.c.h; path = "UIProgressView+AFNetworking.h"; sourceTree = "<group>"; };
		ACE36D561B9098DE007A4D19 /* UIProgressView+AFNetworking.m */ = {isa = PBXFileReference; fileEncoding = 4; lastKnownFileType = sourcecode.c.objc; path = "UIProgressView+AFNetworking.m"; sourceTree = "<group>"; };
		ACE36D571B9098DE007A4D19 /* UIRefreshControl+AFNetworking.h */ = {isa = PBXFileReference; fileEncoding = 4; lastKnownFileType = sourcecode.c.h; path = "UIRefreshControl+AFNetworking.h"; sourceTree = "<group>"; };
		ACE36D581B9098DE007A4D19 /* UIRefreshControl+AFNetworking.m */ = {isa = PBXFileReference; fileEncoding = 4; lastKnownFileType = sourcecode.c.objc; path = "UIRefreshControl+AFNetworking.m"; sourceTree = "<group>"; };
		ACE36D591B9098DE007A4D19 /* UIWebView+AFNetworking.h */ = {isa = PBXFileReference; fileEncoding = 4; lastKnownFileType = sourcecode.c.h; path = "UIWebView+AFNetworking.h"; sourceTree = "<group>"; };
		ACE36D5A1B9098DE007A4D19 /* UIWebView+AFNetworking.m */ = {isa = PBXFileReference; fileEncoding = 4; lastKnownFileType = sourcecode.c.objc; path = "UIWebView+AFNetworking.m"; sourceTree = "<group>"; };
		ACE36D6C1B9099E1007A4D19 /* Server.swift */ = {isa = PBXFileReference; fileEncoding = 4; lastKnownFileType = sourcecode.swift; path = Server.swift; sourceTree = "<group>"; };
		ACE36D6E1B909B74007A4D19 /* FrontController.swift */ = {isa = PBXFileReference; fileEncoding = 4; lastKnownFileType = sourcecode.swift; path = FrontController.swift; sourceTree = "<group>"; };
		ACE36D701B909B91007A4D19 /* UserDAO.swift */ = {isa = PBXFileReference; fileEncoding = 4; lastKnownFileType = sourcecode.swift; path = UserDAO.swift; sourceTree = "<group>"; };
		ACE36D721B909B9A007A4D19 /* VideoDAO.swift */ = {isa = PBXFileReference; fileEncoding = 4; lastKnownFileType = sourcecode.swift; path = VideoDAO.swift; sourceTree = "<group>"; };
/* End PBXFileReference section */

/* Begin PBXFrameworksBuildPhase section */
		AC43ED2F1B9092A1005D1669 /* Frameworks */ = {
			isa = PBXFrameworksBuildPhase;
			buildActionMask = 2147483647;
			files = (
			);
			runOnlyForDeploymentPostprocessing = 0;
		};
		AC43ED441B9092A1005D1669 /* Frameworks */ = {
			isa = PBXFrameworksBuildPhase;
			buildActionMask = 2147483647;
			files = (
			);
			runOnlyForDeploymentPostprocessing = 0;
		};
/* End PBXFrameworksBuildPhase section */

/* Begin PBXGroup section */
		AC43ED291B9092A1005D1669 = {
			isa = PBXGroup;
			children = (
				AC43ED341B9092A1005D1669 /* MyStage */,
				AC43ED4A1B9092A1005D1669 /* MyStageTests */,
				AC43ED331B9092A1005D1669 /* Products */,
			);
			sourceTree = "<group>";
		};
		AC43ED331B9092A1005D1669 /* Products */ = {
			isa = PBXGroup;
			children = (
				AC43ED321B9092A1005D1669 /* MyStage.app */,
				AC43ED471B9092A1005D1669 /* MyStageTests.xctest */,
			);
			name = Products;
			sourceTree = "<group>";
		};
		AC43ED341B9092A1005D1669 /* MyStage */ = {
			isa = PBXGroup;
			children = (
				AC43ED371B9092A1005D1669 /* AppDelegate.swift */,
				ACE36CED1B90942D007A4D19 /* Model */,
				ACE36CEE1B909437007A4D19 /* View */,
				ACE36CEF1B90943C007A4D19 /* Controller */,
				ACE36CF01B909457007A4D19 /* ViewController */,
				AC43ED351B9092A1005D1669 /* Supporting Files */,
				ACE36D341B909813007A4D19 /* Util */,
				ACE36CF91B90976F007A4D19 /* External Frameworks */,
			);
			path = MyStage;
			sourceTree = "<group>";
		};
		AC43ED351B9092A1005D1669 /* Supporting Files */ = {
			isa = PBXGroup;
			children = (
				AC43ED361B9092A1005D1669 /* Info.plist */,
			);
			name = "Supporting Files";
			sourceTree = "<group>";
		};
		AC43ED4A1B9092A1005D1669 /* MyStageTests */ = {
			isa = PBXGroup;
			children = (
				AC43ED4D1B9092A1005D1669 /* MyStageTests.swift */,
				AC43ED4B1B9092A1005D1669 /* Supporting Files */,
			);
			path = MyStageTests;
			sourceTree = "<group>";
		};
		AC43ED4B1B9092A1005D1669 /* Supporting Files */ = {
			isa = PBXGroup;
			children = (
				AC43ED4C1B9092A1005D1669 /* Info.plist */,
			);
			name = "Supporting Files";
			sourceTree = "<group>";
		};
		ACE36CED1B90942D007A4D19 /* Model */ = {
			isa = PBXGroup;
			children = (
				ACE36CF11B9094AC007A4D19 /* User.swift */,
				ACE36CF31B9095CB007A4D19 /* Video.swift */,
				ACE36CF51B90967F007A4D19 /* Like.swift */,
				ACE36CF71B9096CE007A4D19 /* Comment.swift */,
			);
			name = Model;
			sourceTree = "<group>";
		};
		ACE36CEE1B909437007A4D19 /* View */ = {
			isa = PBXGroup;
			children = (
				AC43ED3B1B9092A1005D1669 /* Main.storyboard */,
				AC43ED3E1B9092A1005D1669 /* Images.xcassets */,
				AC43ED401B9092A1005D1669 /* LaunchScreen.xib */,
			);
			name = View;
			sourceTree = "<group>";
		};
		ACE36CEF1B90943C007A4D19 /* Controller */ = {
			isa = PBXGroup;
			children = (
				ACE36D6C1B9099E1007A4D19 /* Server.swift */,
				ACE36D6E1B909B74007A4D19 /* FrontController.swift */,
				ACE36D701B909B91007A4D19 /* UserDAO.swift */,
				ACE36D721B909B9A007A4D19 /* VideoDAO.swift */,
			);
			name = Controller;
			sourceTree = "<group>";
		};
		ACE36CF01B909457007A4D19 /* ViewController */ = {
			isa = PBXGroup;
			children = (
				AC43ED391B9092A1005D1669 /* ViewController.swift */,
			);
			name = ViewController;
			sourceTree = "<group>";
		};
		ACE36CF91B90976F007A4D19 /* External Frameworks */ = {
			isa = PBXGroup;
			children = (
				ACE36D351B9098DE007A4D19 /* AFNetworking */,
			);
			name = "External Frameworks";
			sourceTree = "<group>";
		};
		ACE36D341B909813007A4D19 /* Util */ = {
			isa = PBXGroup;
			children = (
				ACE36D331B909809007A4D19 /* HeaderObjC.h */,
			);
			name = Util;
			sourceTree = "<group>";
		};
		ACE36D351B9098DE007A4D19 /* AFNetworking */ = {
			isa = PBXGroup;
			children = (
				ACE36D361B9098DE007A4D19 /* AFHTTPRequestOperation.h */,
				ACE36D371B9098DE007A4D19 /* AFHTTPRequestOperation.m */,
				ACE36D381B9098DE007A4D19 /* AFHTTPRequestOperationManager.h */,
				ACE36D391B9098DE007A4D19 /* AFHTTPRequestOperationManager.m */,
				ACE36D3A1B9098DE007A4D19 /* AFHTTPSessionManager.h */,
				ACE36D3B1B9098DE007A4D19 /* AFHTTPSessionManager.m */,
				ACE36D3C1B9098DE007A4D19 /* AFNetworking.h */,
				ACE36D3D1B9098DE007A4D19 /* AFNetworkReachabilityManager.h */,
				ACE36D3E1B9098DE007A4D19 /* AFNetworkReachabilityManager.m */,
				ACE36D3F1B9098DE007A4D19 /* AFSecurityPolicy.h */,
				ACE36D401B9098DE007A4D19 /* AFSecurityPolicy.m */,
				ACE36D411B9098DE007A4D19 /* AFURLConnectionOperation.h */,
				ACE36D421B9098DE007A4D19 /* AFURLConnectionOperation.m */,
				ACE36D431B9098DE007A4D19 /* AFURLRequestSerialization.h */,
				ACE36D441B9098DE007A4D19 /* AFURLRequestSerialization.m */,
				ACE36D451B9098DE007A4D19 /* AFURLResponseSerialization.h */,
				ACE36D461B9098DE007A4D19 /* AFURLResponseSerialization.m */,
				ACE36D471B9098DE007A4D19 /* AFURLSessionManager.h */,
				ACE36D481B9098DE007A4D19 /* AFURLSessionManager.m */,
				ACE36D491B9098DE007A4D19 /* UIKit+AFNetworking */,
			);
			path = AFNetworking;
			sourceTree = "<group>";
		};
		ACE36D491B9098DE007A4D19 /* UIKit+AFNetworking */ = {
			isa = PBXGroup;
			children = (
				ACE36D4A1B9098DE007A4D19 /* AFNetworkActivityIndicatorManager.h */,
				ACE36D4B1B9098DE007A4D19 /* AFNetworkActivityIndicatorManager.m */,
				ACE36D4C1B9098DE007A4D19 /* UIActivityIndicatorView+AFNetworking.h */,
				ACE36D4D1B9098DE007A4D19 /* UIActivityIndicatorView+AFNetworking.m */,
				ACE36D4E1B9098DE007A4D19 /* UIAlertView+AFNetworking.h */,
				ACE36D4F1B9098DE007A4D19 /* UIAlertView+AFNetworking.m */,
				ACE36D501B9098DE007A4D19 /* UIButton+AFNetworking.h */,
				ACE36D511B9098DE007A4D19 /* UIButton+AFNetworking.m */,
				ACE36D521B9098DE007A4D19 /* UIImageView+AFNetworking.h */,
				ACE36D531B9098DE007A4D19 /* UIImageView+AFNetworking.m */,
				ACE36D541B9098DE007A4D19 /* UIKit+AFNetworking.h */,
				ACE36D551B9098DE007A4D19 /* UIProgressView+AFNetworking.h */,
				ACE36D561B9098DE007A4D19 /* UIProgressView+AFNetworking.m */,
				ACE36D571B9098DE007A4D19 /* UIRefreshControl+AFNetworking.h */,
				ACE36D581B9098DE007A4D19 /* UIRefreshControl+AFNetworking.m */,
				ACE36D591B9098DE007A4D19 /* UIWebView+AFNetworking.h */,
				ACE36D5A1B9098DE007A4D19 /* UIWebView+AFNetworking.m */,
			);
			path = "UIKit+AFNetworking";
			sourceTree = "<group>";
		};
/* End PBXGroup section */

/* Begin PBXNativeTarget section */
		AC43ED311B9092A1005D1669 /* MyStage */ = {
			isa = PBXNativeTarget;
			buildConfigurationList = AC43ED511B9092A1005D1669 /* Build configuration list for PBXNativeTarget "MyStage" */;
			buildPhases = (
				AC43ED2E1B9092A1005D1669 /* Sources */,
				AC43ED2F1B9092A1005D1669 /* Frameworks */,
				AC43ED301B9092A1005D1669 /* Resources */,
			);
			buildRules = (
			);
			dependencies = (
			);
			name = MyStage;
			productName = MyStage;
			productReference = AC43ED321B9092A1005D1669 /* MyStage.app */;
			productType = "com.apple.product-type.application";
		};
		AC43ED461B9092A1005D1669 /* MyStageTests */ = {
			isa = PBXNativeTarget;
			buildConfigurationList = AC43ED541B9092A1005D1669 /* Build configuration list for PBXNativeTarget "MyStageTests" */;
			buildPhases = (
				AC43ED431B9092A1005D1669 /* Sources */,
				AC43ED441B9092A1005D1669 /* Frameworks */,
				AC43ED451B9092A1005D1669 /* Resources */,
			);
			buildRules = (
			);
			dependencies = (
				AC43ED491B9092A1005D1669 /* PBXTargetDependency */,
			);
			name = MyStageTests;
			productName = MyStageTests;
			productReference = AC43ED471B9092A1005D1669 /* MyStageTests.xctest */;
			productType = "com.apple.product-type.bundle.unit-test";
		};
/* End PBXNativeTarget section */

/* Begin PBXProject section */
		AC43ED2A1B9092A1005D1669 /* Project object */ = {
			isa = PBXProject;
			attributes = {
				LastUpgradeCheck = 0640;
				ORGANIZATIONNAME = DreamTeamIOS;
				TargetAttributes = {
					AC43ED311B9092A1005D1669 = {
						CreatedOnToolsVersion = 6.4;
					};
					AC43ED461B9092A1005D1669 = {
						CreatedOnToolsVersion = 6.4;
						TestTargetID = AC43ED311B9092A1005D1669;
					};
				};
			};
			buildConfigurationList = AC43ED2D1B9092A1005D1669 /* Build configuration list for PBXProject "MyStage" */;
			compatibilityVersion = "Xcode 3.2";
			developmentRegion = English;
			hasScannedForEncodings = 0;
			knownRegions = (
				en,
				Base,
			);
			mainGroup = AC43ED291B9092A1005D1669;
			productRefGroup = AC43ED331B9092A1005D1669 /* Products */;
			projectDirPath = "";
			projectRoot = "";
			targets = (
				AC43ED311B9092A1005D1669 /* MyStage */,
				AC43ED461B9092A1005D1669 /* MyStageTests */,
			);
		};
/* End PBXProject section */

/* Begin PBXResourcesBuildPhase section */
		AC43ED301B9092A1005D1669 /* Resources */ = {
			isa = PBXResourcesBuildPhase;
			buildActionMask = 2147483647;
			files = (
				AC43ED3D1B9092A1005D1669 /* Main.storyboard in Resources */,
				AC43ED421B9092A1005D1669 /* LaunchScreen.xib in Resources */,
				AC43ED3F1B9092A1005D1669 /* Images.xcassets in Resources */,
			);
			runOnlyForDeploymentPostprocessing = 0;
		};
		AC43ED451B9092A1005D1669 /* Resources */ = {
			isa = PBXResourcesBuildPhase;
			buildActionMask = 2147483647;
			files = (
			);
			runOnlyForDeploymentPostprocessing = 0;
		};
/* End PBXResourcesBuildPhase section */

/* Begin PBXSourcesBuildPhase section */
		AC43ED2E1B9092A1005D1669 /* Sources */ = {
			isa = PBXSourcesBuildPhase;
			buildActionMask = 2147483647;
			files = (
				ACE36D631B9098DE007A4D19 /* AFURLSessionManager.m in Sources */,
				AC43ED3A1B9092A1005D1669 /* ViewController.swift in Sources */,
				ACE36CF81B9096CE007A4D19 /* Comment.swift in Sources */,
				ACE36D5E1B9098DE007A4D19 /* AFNetworkReachabilityManager.m in Sources */,
				ACE36D641B9098DE007A4D19 /* AFNetworkActivityIndicatorManager.m in Sources */,
				ACE36D711B909B91007A4D19 /* UserDAO.swift in Sources */,
				ACE36CF41B9095CB007A4D19 /* Video.swift in Sources */,
				ACE36D601B9098DE007A4D19 /* AFURLConnectionOperation.m in Sources */,
				ACE36D691B9098DE007A4D19 /* UIProgressView+AFNetworking.m in Sources */,
				ACE36D5D1B9098DE007A4D19 /* AFHTTPSessionManager.m in Sources */,
				ACE36D611B9098DE007A4D19 /* AFURLRequestSerialization.m in Sources */,
				ACE36D731B909B9A007A4D19 /* VideoDAO.swift in Sources */,
				AC43ED381B9092A1005D1669 /* AppDelegate.swift in Sources */,
				ACE36D671B9098DE007A4D19 /* UIButton+AFNetworking.m in Sources */,
				ACE36D681B9098DE007A4D19 /* UIImageView+AFNetworking.m in Sources */,
				ACE36CF21B9094AC007A4D19 /* User.swift in Sources */,
				ACE36CF61B90967F007A4D19 /* Like.swift in Sources */,
				ACE36D661B9098DE007A4D19 /* UIAlertView+AFNetworking.m in Sources */,
				ACE36D6B1B9098DE007A4D19 /* UIWebView+AFNetworking.m in Sources */,
				ACE36D651B9098DE007A4D19 /* UIActivityIndicatorView+AFNetworking.m in Sources */,
				ACE36D5C1B9098DE007A4D19 /* AFHTTPRequestOperationManager.m in Sources */,
				ACE36D6A1B9098DE007A4D19 /* UIRefreshControl+AFNetworking.m in Sources */,
				ACE36D5F1B9098DE007A4D19 /* AFSecurityPolicy.m in Sources */,
				ACE36D621B9098DE007A4D19 /* AFURLResponseSerialization.m in Sources */,
				ACE36D6D1B9099E1007A4D19 /* Server.swift in Sources */,
				ACE36D5B1B9098DE007A4D19 /* AFHTTPRequestOperation.m in Sources */,
				ACE36D6F1B909B74007A4D19 /* FrontController.swift in Sources */,
			);
			runOnlyForDeploymentPostprocessing = 0;
		};
		AC43ED431B9092A1005D1669 /* Sources */ = {
			isa = PBXSourcesBuildPhase;
			buildActionMask = 2147483647;
			files = (
				AC43ED4E1B9092A1005D1669 /* MyStageTests.swift in Sources */,
			);
			runOnlyForDeploymentPostprocessing = 0;
		};
/* End PBXSourcesBuildPhase section */

/* Begin PBXTargetDependency section */
		AC43ED491B9092A1005D1669 /* PBXTargetDependency */ = {
			isa = PBXTargetDependency;
			target = AC43ED311B9092A1005D1669 /* MyStage */;
			targetProxy = AC43ED481B9092A1005D1669 /* PBXContainerItemProxy */;
		};
/* End PBXTargetDependency section */

/* Begin PBXVariantGroup section */
		AC43ED3B1B9092A1005D1669 /* Main.storyboard */ = {
			isa = PBXVariantGroup;
			children = (
				AC43ED3C1B9092A1005D1669 /* Base */,
			);
			name = Main.storyboard;
			sourceTree = "<group>";
		};
		AC43ED401B9092A1005D1669 /* LaunchScreen.xib */ = {
			isa = PBXVariantGroup;
			children = (
				AC43ED411B9092A1005D1669 /* Base */,
			);
			name = LaunchScreen.xib;
			sourceTree = "<group>";
		};
/* End PBXVariantGroup section */

/* Begin XCBuildConfiguration section */
		AC43ED4F1B9092A1005D1669 /* Debug */ = {
			isa = XCBuildConfiguration;
			buildSettings = {
				ALWAYS_SEARCH_USER_PATHS = NO;
				CLANG_CXX_LANGUAGE_STANDARD = "gnu++0x";
				CLANG_CXX_LIBRARY = "libc++";
				CLANG_ENABLE_MODULES = YES;
				CLANG_ENABLE_OBJC_ARC = YES;
				CLANG_WARN_BOOL_CONVERSION = YES;
				CLANG_WARN_CONSTANT_CONVERSION = YES;
				CLANG_WARN_DIRECT_OBJC_ISA_USAGE = YES_ERROR;
				CLANG_WARN_EMPTY_BODY = YES;
				CLANG_WARN_ENUM_CONVERSION = YES;
				CLANG_WARN_INT_CONVERSION = YES;
				CLANG_WARN_OBJC_ROOT_CLASS = YES_ERROR;
				CLANG_WARN_UNREACHABLE_CODE = YES;
				CLANG_WARN__DUPLICATE_METHOD_MATCH = YES;
				"CODE_SIGN_IDENTITY[sdk=iphoneos*]" = "iPhone Developer";
				COPY_PHASE_STRIP = NO;
				DEBUG_INFORMATION_FORMAT = "dwarf-with-dsym";
				ENABLE_STRICT_OBJC_MSGSEND = YES;
				GCC_C_LANGUAGE_STANDARD = gnu99;
				GCC_DYNAMIC_NO_PIC = NO;
				GCC_NO_COMMON_BLOCKS = YES;
				GCC_OPTIMIZATION_LEVEL = 0;
				GCC_PREPROCESSOR_DEFINITIONS = (
					"DEBUG=1",
					"$(inherited)",
				);
				GCC_SYMBOLS_PRIVATE_EXTERN = NO;
				GCC_WARN_64_TO_32_BIT_CONVERSION = YES;
				GCC_WARN_ABOUT_RETURN_TYPE = YES_ERROR;
				GCC_WARN_UNDECLARED_SELECTOR = YES;
				GCC_WARN_UNINITIALIZED_AUTOS = YES_AGGRESSIVE;
				GCC_WARN_UNUSED_FUNCTION = YES;
				GCC_WARN_UNUSED_VARIABLE = YES;
				IPHONEOS_DEPLOYMENT_TARGET = 8.4;
				MTL_ENABLE_DEBUG_INFO = YES;
				ONLY_ACTIVE_ARCH = YES;
				SDKROOT = iphoneos;
				SWIFT_OPTIMIZATION_LEVEL = "-Onone";
				TARGETED_DEVICE_FAMILY = "1,2";
			};
			name = Debug;
		};
		AC43ED501B9092A1005D1669 /* Release */ = {
			isa = XCBuildConfiguration;
			buildSettings = {
				ALWAYS_SEARCH_USER_PATHS = NO;
				CLANG_CXX_LANGUAGE_STANDARD = "gnu++0x";
				CLANG_CXX_LIBRARY = "libc++";
				CLANG_ENABLE_MODULES = YES;
				CLANG_ENABLE_OBJC_ARC = YES;
				CLANG_WARN_BOOL_CONVERSION = YES;
				CLANG_WARN_CONSTANT_CONVERSION = YES;
				CLANG_WARN_DIRECT_OBJC_ISA_USAGE = YES_ERROR;
				CLANG_WARN_EMPTY_BODY = YES;
				CLANG_WARN_ENUM_CONVERSION = YES;
				CLANG_WARN_INT_CONVERSION = YES;
				CLANG_WARN_OBJC_ROOT_CLASS = YES_ERROR;
				CLANG_WARN_UNREACHABLE_CODE = YES;
				CLANG_WARN__DUPLICATE_METHOD_MATCH = YES;
				"CODE_SIGN_IDENTITY[sdk=iphoneos*]" = "iPhone Developer";
				COPY_PHASE_STRIP = NO;
				DEBUG_INFORMATION_FORMAT = "dwarf-with-dsym";
				ENABLE_NS_ASSERTIONS = NO;
				ENABLE_STRICT_OBJC_MSGSEND = YES;
				GCC_C_LANGUAGE_STANDARD = gnu99;
				GCC_NO_COMMON_BLOCKS = YES;
				GCC_WARN_64_TO_32_BIT_CONVERSION = YES;
				GCC_WARN_ABOUT_RETURN_TYPE = YES_ERROR;
				GCC_WARN_UNDECLARED_SELECTOR = YES;
				GCC_WARN_UNINITIALIZED_AUTOS = YES_AGGRESSIVE;
				GCC_WARN_UNUSED_FUNCTION = YES;
				GCC_WARN_UNUSED_VARIABLE = YES;
				IPHONEOS_DEPLOYMENT_TARGET = 8.4;
				MTL_ENABLE_DEBUG_INFO = NO;
				SDKROOT = iphoneos;
				TARGETED_DEVICE_FAMILY = "1,2";
				VALIDATE_PRODUCT = YES;
			};
			name = Release;
		};
		AC43ED521B9092A1005D1669 /* Debug */ = {
			isa = XCBuildConfiguration;
			buildSettings = {
				ASSETCATALOG_COMPILER_APPICON_NAME = AppIcon;
				INFOPLIST_FILE = MyStage/Info.plist;
				LD_RUNPATH_SEARCH_PATHS = "$(inherited) @executable_path/Frameworks";
				PRODUCT_NAME = "$(TARGET_NAME)";
				SWIFT_OBJC_BRIDGING_HEADER = MyStage/HeaderObjC.h;
			};
			name = Debug;
		};
		AC43ED531B9092A1005D1669 /* Release */ = {
			isa = XCBuildConfiguration;
			buildSettings = {
				ASSETCATALOG_COMPILER_APPICON_NAME = AppIcon;
				INFOPLIST_FILE = MyStage/Info.plist;
				LD_RUNPATH_SEARCH_PATHS = "$(inherited) @executable_path/Frameworks";
				PRODUCT_NAME = "$(TARGET_NAME)";
				SWIFT_OBJC_BRIDGING_HEADER = MyStage/HeaderObjC.h;
			};
			name = Release;
		};
		AC43ED551B9092A1005D1669 /* Debug */ = {
			isa = XCBuildConfiguration;
			buildSettings = {
				BUNDLE_LOADER = "$(TEST_HOST)";
				FRAMEWORK_SEARCH_PATHS = (
					"$(SDKROOT)/Developer/Library/Frameworks",
					"$(inherited)",
				);
				GCC_PREPROCESSOR_DEFINITIONS = (
					"DEBUG=1",
					"$(inherited)",
				);
				INFOPLIST_FILE = MyStageTests/Info.plist;
				LD_RUNPATH_SEARCH_PATHS = "$(inherited) @executable_path/Frameworks @loader_path/Frameworks";
				PRODUCT_NAME = "$(TARGET_NAME)";
				TEST_HOST = "$(BUILT_PRODUCTS_DIR)/MyStage.app/MyStage";
			};
			name = Debug;
		};
		AC43ED561B9092A1005D1669 /* Release */ = {
			isa = XCBuildConfiguration;
			buildSettings = {
				BUNDLE_LOADER = "$(TEST_HOST)";
				FRAMEWORK_SEARCH_PATHS = (
					"$(SDKROOT)/Developer/Library/Frameworks",
					"$(inherited)",
				);
				INFOPLIST_FILE = MyStageTests/Info.plist;
				LD_RUNPATH_SEARCH_PATHS = "$(inherited) @executable_path/Frameworks @loader_path/Frameworks";
				PRODUCT_NAME = "$(TARGET_NAME)";
				TEST_HOST = "$(BUILT_PRODUCTS_DIR)/MyStage.app/MyStage";
			};
			name = Release;
		};
/* End XCBuildConfiguration section */

/* Begin XCConfigurationList section */
		AC43ED2D1B9092A1005D1669 /* Build configuration list for PBXProject "MyStage" */ = {
			isa = XCConfigurationList;
			buildConfigurations = (
				AC43ED4F1B9092A1005D1669 /* Debug */,
				AC43ED501B9092A1005D1669 /* Release */,
			);
			defaultConfigurationIsVisible = 0;
			defaultConfigurationName = Release;
		};
		AC43ED511B9092A1005D1669 /* Build configuration list for PBXNativeTarget "MyStage" */ = {
			isa = XCConfigurationList;
			buildConfigurations = (
				AC43ED521B9092A1005D1669 /* Debug */,
				AC43ED531B9092A1005D1669 /* Release */,
			);
			defaultConfigurationIsVisible = 0;
			defaultConfigurationName = Release;
		};
		AC43ED541B9092A1005D1669 /* Build configuration list for PBXNativeTarget "MyStageTests" */ = {
			isa = XCConfigurationList;
			buildConfigurations = (
				AC43ED551B9092A1005D1669 /* Debug */,
				AC43ED561B9092A1005D1669 /* Release */,
			);
			defaultConfigurationIsVisible = 0;
			defaultConfigurationName = Release;
		};
/* End XCConfigurationList section */
	};
	rootObject = AC43ED2A1B9092A1005D1669 /* Project object */;
}
